
Microsoft Visual Studio Solution File, Format Version 12.00
# Visual Studio 2017
Project("{FAE04EC0-301F-11D3-BF4B-00C04F79EFBC}") = "DeductionAutomator", "DeductionAutomator.csproj", "{0C394981-18CD-4B34-8FA6-77CB62C74161}"
EndProject
Global
	GlobalSection(SolutionConfigurationPlatforms) = preSolution
		Debug|Any CPU = Debug|Any CPU
		Release|Any CPU = Release|Any CPU
	EndGlobalSection
	GlobalSection(ProjectConfigurationPlatforms) = postSolution
		{0C394981-18CD-4B34-8FA6-77CB62C74161}.Debug|Any CPU.ActiveCfg = Debug|Any CPU
		{0C394981-18CD-4B34-8FA6-77CB62C74161}.Debug|Any CPU.Build.0 = Debug|Any CPU
		{0C394981-18CD-4B34-8FA6-77CB62C74161}.Release|Any CPU.ActiveCfg = Release|Any CPU
		{0C394981-18CD-4B34-8FA6-77CB62C74161}.Release|Any CPU.Build.0 = Release|Any CPU
	EndGlobalSection
EndGlobal
